
Microsoft Visual Studio Solution File, Format Version 12.00
# Visual Studio 2012
Project("{FAE04EC0-301F-11D3-BF4B-00C04F79EFBC}") = "QueHacer", "QueHacer\QueHacer.csproj", "{77BAF758-EEDE-419F-8986-D2074F38E34B}"
EndProject
Project("{FAE04EC0-301F-11D3-BF4B-00C04F79EFBC}") = "QueHacer.Tests", "QueHacer.Tests\QueHacer.Tests.csproj", "{ACA9645B-250A-424C-9DA6-A6B94506C0D5}"
EndProject
Project("{FAE04EC0-301F-11D3-BF4B-00C04F79EFBC}") = "QueHacer.Core", "QueHacer.Core\QueHacer.Core.csproj", "{99AAFE2F-037B-4B6B-A12E-C5E10548077A}"
EndProject
Global
	GlobalSection(SolutionConfigurationPlatforms) = preSolution
		Debug|Any CPU = Debug|Any CPU
		Release|Any CPU = Release|Any CPU
	EndGlobalSection
	GlobalSection(ProjectConfigurationPlatforms) = postSolution
		{77BAF758-EEDE-419F-8986-D2074F38E34B}.Debug|Any CPU.ActiveCfg = Debug|Any CPU
		{77BAF758-EEDE-419F-8986-D2074F38E34B}.Debug|Any CPU.Build.0 = Debug|Any CPU
		{77BAF758-EEDE-419F-8986-D2074F38E34B}.Release|Any CPU.ActiveCfg = Release|Any CPU
		{77BAF758-EEDE-419F-8986-D2074F38E34B}.Release|Any CPU.Build.0 = Release|Any CPU
		{ACA9645B-250A-424C-9DA6-A6B94506C0D5}.Debug|Any CPU.ActiveCfg = Debug|Any CPU
		{ACA9645B-250A-424C-9DA6-A6B94506C0D5}.Debug|Any CPU.Build.0 = Debug|Any CPU
		{ACA9645B-250A-424C-9DA6-A6B94506C0D5}.Release|Any CPU.ActiveCfg = Release|Any CPU
		{ACA9645B-250A-424C-9DA6-A6B94506C0D5}.Release|Any CPU.Build.0 = Release|Any CPU
		{99AAFE2F-037B-4B6B-A12E-C5E10548077A}.Debug|Any CPU.ActiveCfg = Debug|Any CPU
		{99AAFE2F-037B-4B6B-A12E-C5E10548077A}.Debug|Any CPU.Build.0 = Debug|Any CPU
		{99AAFE2F-037B-4B6B-A12E-C5E10548077A}.Release|Any CPU.ActiveCfg = Release|Any CPU
		{99AAFE2F-037B-4B6B-A12E-C5E10548077A}.Release|Any CPU.Build.0 = Release|Any CPU
	EndGlobalSection
	GlobalSection(SolutionProperties) = preSolution
		HideSolutionNode = FALSE
	EndGlobalSection
EndGlobal
